
Microsoft Visual Studio Solution File, Format Version 12.00
# Visual Studio Version 17
VisualStudioVersion = 17.6.33712.159
MinimumVisualStudioVersion = 10.0.40219.1
Project("{2150E333-8FDC-42A3-9474-1A3956D46DE8}") = "Tests", "Tests", "{7A6D1D6F-FB3B-4A19-A1A3-14AEB11A6392}"
EndProject
Project("{2150E333-8FDC-42A3-9474-1A3956D46DE8}") = "Core", "Core", "{0B52CFF2-4701-47B6-ACE9-B3C1B9FE4B9C}"
EndProject
Project("{2150E333-8FDC-42A3-9474-1A3956D46DE8}") = "Presentation", "Presentation", "{0A70D352-6015-4D88-8505-CA7EBEEB64F3}"
EndProject
Project("{2150E333-8FDC-42A3-9474-1A3956D46DE8}") = "Common", "Common", "{FCA6C094-F244-418A-95CA-245614F9C028}"
EndProject
Project("{2150E333-8FDC-42A3-9474-1A3956D46DE8}") = "Solution Items", "Solution Items", "{FF45C944-5DCF-49E3-95D4-5D429AC7C7F0}"
	ProjectSection(SolutionItems) = preProject
		LICENSE.txt = LICENSE.txt
		README.md = README.md
		tye.yaml = tye.yaml
	EndProjectSection
EndProject
Project("{E53339B2-1760-4266-BCC7-CA923CBCF16C}") = "docker-compose", "docker-compose.dcproj", "{8E80AA68-53A5-4CE0-A06E-C761741B82A6}"
EndProject
Project("{9A19103F-16F7-4668-BE54-9A1E7A4F7556}") = "FunctionalTests", "Tests\FunctionalTests\FunctionalTests.csproj", "{144E04A2-5D5D-44CD-8823-784CE80F3C4B}"
EndProject
Project("{9A19103F-16F7-4668-BE54-9A1E7A4F7556}") = "UnitTests", "Tests\UnitTests\UnitTests.csproj", "{C76024F9-F5C6-4EC2-B746-C22EE79AF7DC}"
EndProject
Project("{2150E333-8FDC-42A3-9474-1A3956D46DE8}") = "Services", "Services", "{E859CF92-E77A-4D9E-A655-690D8939DEFC}"
EndProject
Project("{9A19103F-16F7-4668-BE54-9A1E7A4F7556}") = "Crypto.BrokerApi", "Presentation\Crypto.BrokerApi\Crypto.BrokerApi.csproj", "{83E53339-9698-452F-99E2-6DCD7AC3A810}"
EndProject
Project("{9A19103F-16F7-4668-BE54-9A1E7A4F7556}") = "Crypto.OrdersApi", "Presentation\Crypto.OrdersApi\Crypto.OrdersApi.csproj", "{6B27B2A4-45DA-4B30-9B24-B7C173AD8A14}"
EndProject
Project("{9A19103F-16F7-4668-BE54-9A1E7A4F7556}") = "Notify.EmailApi", "Presentation\Notify.EmailApi\Notify.EmailApi.csproj", "{F1BFCDA6-81E0-4422-8357-852C0AA41FFB}"
EndProject
Project("{9A19103F-16F7-4668-BE54-9A1E7A4F7556}") = "Notify.PushApi", "Presentation\Notify.PushApi\Notify.PushApi.csproj", "{CBAEA729-BE5E-4639-A37F-C3717D15972D}"
EndProject
Project("{9A19103F-16F7-4668-BE54-9A1E7A4F7556}") = "Notify.SmsApi", "Presentation\Notify.SmsApi\Notify.SmsApi.csproj", "{1A091B06-627C-4B2C-893F-4D0B3F41F937}"
EndProject
Project("{9A19103F-16F7-4668-BE54-9A1E7A4F7556}") = "CryptoBroker.Application", "Core\CryptoBroker.Application\CryptoBroker.Application.csproj", "{A689ACA8-1AED-4AAF-B106-6381D21A2488}"
EndProject
Project("{9A19103F-16F7-4668-BE54-9A1E7A4F7556}") = "CryptoBroker.Auth", "Core\CryptoBroker.Auth\CryptoBroker.Auth.csproj", "{85D11187-2D5F-4863-AD4B-28F0932E9EE2}"
EndProject
Project("{9A19103F-16F7-4668-BE54-9A1E7A4F7556}") = "CryptoBroker.UnitOfWork", "Core\CryptoBroker.UnitOfWork\CryptoBroker.UnitOfWork.csproj", "{B3E6B06A-3342-4E23-A0ED-DAF0E37B1355}"
EndProject
Project("{9A19103F-16F7-4668-BE54-9A1E7A4F7556}") = "ApiGateway", "Presentation\ApiGateway\ApiGateway.csproj", "{9C96FE8F-2F80-4729-A2D5-5FB87F4C9D11}"
EndProject
Project("{2150E333-8FDC-42A3-9474-1A3956D46DE8}") = "Infrastructure", "Infrastructure", "{6D2B2FB9-1D66-459C-9DA3-2FAF682BEED5}"
EndProject
Project("{9A19103F-16F7-4668-BE54-9A1E7A4F7556}") = "CryptoBroker.Logging", "Common\CryptoBroker.Logging\CryptoBroker.Logging.csproj", "{6BB3CBB2-616B-434D-A680-ED58F388F449}"
EndProject
Project("{9A19103F-16F7-4668-BE54-9A1E7A4F7556}") = "CryptoBroker.Util", "Common\CryptoBroker.Util\CryptoBroker.Util.csproj", "{5D805B4F-9658-47EF-AF70-679834038302}"
EndProject
Project("{9A19103F-16F7-4668-BE54-9A1E7A4F7556}") = "CryptoBroker.ApiClient", "Common\CryptoBroker.ApiClient\CryptoBroker.ApiClient.csproj", "{91DD0ADD-921F-43AA-A30A-250EBA5BD5A9}"
EndProject
Project("{9A19103F-16F7-4668-BE54-9A1E7A4F7556}") = "CryptoBroker.Models", "Infrastructure\CryptoBroker.Models\CryptoBroker.Models.csproj", "{BE290954-A0B7-4D3D-8C80-0D11DD0D146B}"
EndProject
Project("{FAE04EC0-301F-11D3-BF4B-00C04F79EFBC}") = "CryptoBroker.Entities", "Infrastructure\CryptoBroker.Entities\CryptoBroker.Entities.csproj", "{FC37E1ED-3014-4283-B6EF-AD7148E9273D}"
EndProject
Project("{FAE04EC0-301F-11D3-BF4B-00C04F79EFBC}") = "CryptoBroker.BrokerService", "Services\CryptoBroker.BrokerService\CryptoBroker.BrokerService.csproj", "{4DB53C12-A73D-4376-80ED-A604D9C581EA}"
EndProject
Project("{FAE04EC0-301F-11D3-BF4B-00C04F79EFBC}") = "CryptoBroker.OrderService", "..\CryptoBroker.OrderService\CryptoBroker.OrderService.csproj", "{9C507743-72C6-4ACE-861A-A050E7B11324}"
EndProject
Global
	GlobalSection(SolutionConfigurationPlatforms) = preSolution
		Debug|Any CPU = Debug|Any CPU
		Release|Any CPU = Release|Any CPU
	EndGlobalSection
	GlobalSection(ProjectConfigurationPlatforms) = postSolution
		{8E80AA68-53A5-4CE0-A06E-C761741B82A6}.Debug|Any CPU.ActiveCfg = Debug|Any CPU
		{8E80AA68-53A5-4CE0-A06E-C761741B82A6}.Debug|Any CPU.Build.0 = Debug|Any CPU
		{8E80AA68-53A5-4CE0-A06E-C761741B82A6}.Release|Any CPU.ActiveCfg = Release|Any CPU
		{8E80AA68-53A5-4CE0-A06E-C761741B82A6}.Release|Any CPU.Build.0 = Release|Any CPU
		{144E04A2-5D5D-44CD-8823-784CE80F3C4B}.Debug|Any CPU.ActiveCfg = Debug|Any CPU
		{144E04A2-5D5D-44CD-8823-784CE80F3C4B}.Debug|Any CPU.Build.0 = Debug|Any CPU
		{144E04A2-5D5D-44CD-8823-784CE80F3C4B}.Release|Any CPU.ActiveCfg = Release|Any CPU
		{144E04A2-5D5D-44CD-8823-784CE80F3C4B}.Release|Any CPU.Build.0 = Release|Any CPU
		{C76024F9-F5C6-4EC2-B746-C22EE79AF7DC}.Debug|Any CPU.ActiveCfg = Debug|Any CPU
		{C76024F9-F5C6-4EC2-B746-C22EE79AF7DC}.Debug|Any CPU.Build.0 = Debug|Any CPU
		{C76024F9-F5C6-4EC2-B746-C22EE79AF7DC}.Release|Any CPU.ActiveCfg = Release|Any CPU
		{C76024F9-F5C6-4EC2-B746-C22EE79AF7DC}.Release|Any CPU.Build.0 = Release|Any CPU
		{83E53339-9698-452F-99E2-6DCD7AC3A810}.Debug|Any CPU.ActiveCfg = Debug|Any CPU
		{83E53339-9698-452F-99E2-6DCD7AC3A810}.Debug|Any CPU.Build.0 = Debug|Any CPU
		{83E53339-9698-452F-99E2-6DCD7AC3A810}.Release|Any CPU.ActiveCfg = Release|Any CPU
		{83E53339-9698-452F-99E2-6DCD7AC3A810}.Release|Any CPU.Build.0 = Release|Any CPU
		{6B27B2A4-45DA-4B30-9B24-B7C173AD8A14}.Debug|Any CPU.ActiveCfg = Debug|Any CPU
		{6B27B2A4-45DA-4B30-9B24-B7C173AD8A14}.Debug|Any CPU.Build.0 = Debug|Any CPU
		{6B27B2A4-45DA-4B30-9B24-B7C173AD8A14}.Release|Any CPU.ActiveCfg = Release|Any CPU
		{6B27B2A4-45DA-4B30-9B24-B7C173AD8A14}.Release|Any CPU.Build.0 = Release|Any CPU
		{F1BFCDA6-81E0-4422-8357-852C0AA41FFB}.Debug|Any CPU.ActiveCfg = Debug|Any CPU
		{F1BFCDA6-81E0-4422-8357-852C0AA41FFB}.Debug|Any CPU.Build.0 = Debug|Any CPU
		{F1BFCDA6-81E0-4422-8357-852C0AA41FFB}.Release|Any CPU.ActiveCfg = Release|Any CPU
		{F1BFCDA6-81E0-4422-8357-852C0AA41FFB}.Release|Any CPU.Build.0 = Release|Any CPU
		{CBAEA729-BE5E-4639-A37F-C3717D15972D}.Debug|Any CPU.ActiveCfg = Debug|Any CPU
		{CBAEA729-BE5E-4639-A37F-C3717D15972D}.Debug|Any CPU.Build.0 = Debug|Any CPU
		{CBAEA729-BE5E-4639-A37F-C3717D15972D}.Release|Any CPU.ActiveCfg = Release|Any CPU
		{CBAEA729-BE5E-4639-A37F-C3717D15972D}.Release|Any CPU.Build.0 = Release|Any CPU
		{1A091B06-627C-4B2C-893F-4D0B3F41F937}.Debug|Any CPU.ActiveCfg = Debug|Any CPU
		{1A091B06-627C-4B2C-893F-4D0B3F41F937}.Debug|Any CPU.Build.0 = Debug|Any CPU
		{1A091B06-627C-4B2C-893F-4D0B3F41F937}.Release|Any CPU.ActiveCfg = Release|Any CPU
		{1A091B06-627C-4B2C-893F-4D0B3F41F937}.Release|Any CPU.Build.0 = Release|Any CPU
		{A689ACA8-1AED-4AAF-B106-6381D21A2488}.Debug|Any CPU.ActiveCfg = Debug|Any CPU
		{A689ACA8-1AED-4AAF-B106-6381D21A2488}.Debug|Any CPU.Build.0 = Debug|Any CPU
		{A689ACA8-1AED-4AAF-B106-6381D21A2488}.Release|Any CPU.ActiveCfg = Release|Any CPU
		{A689ACA8-1AED-4AAF-B106-6381D21A2488}.Release|Any CPU.Build.0 = Release|Any CPU
		{85D11187-2D5F-4863-AD4B-28F0932E9EE2}.Debug|Any CPU.ActiveCfg = Debug|Any CPU
		{85D11187-2D5F-4863-AD4B-28F0932E9EE2}.Debug|Any CPU.Build.0 = Debug|Any CPU
		{85D11187-2D5F-4863-AD4B-28F0932E9EE2}.Release|Any CPU.ActiveCfg = Release|Any CPU
		{85D11187-2D5F-4863-AD4B-28F0932E9EE2}.Release|Any CPU.Build.0 = Release|Any CPU
		{B3E6B06A-3342-4E23-A0ED-DAF0E37B1355}.Debug|Any CPU.ActiveCfg = Debug|Any CPU
		{B3E6B06A-3342-4E23-A0ED-DAF0E37B1355}.Debug|Any CPU.Build.0 = Debug|Any CPU
		{B3E6B06A-3342-4E23-A0ED-DAF0E37B1355}.Release|Any CPU.ActiveCfg = Release|Any CPU
		{B3E6B06A-3342-4E23-A0ED-DAF0E37B1355}.Release|Any CPU.Build.0 = Release|Any CPU
		{9C96FE8F-2F80-4729-A2D5-5FB87F4C9D11}.Debug|Any CPU.ActiveCfg = Debug|Any CPU
		{9C96FE8F-2F80-4729-A2D5-5FB87F4C9D11}.Debug|Any CPU.Build.0 = Debug|Any CPU
		{9C96FE8F-2F80-4729-A2D5-5FB87F4C9D11}.Release|Any CPU.ActiveCfg = Release|Any CPU
		{9C96FE8F-2F80-4729-A2D5-5FB87F4C9D11}.Release|Any CPU.Build.0 = Release|Any CPU
		{6BB3CBB2-616B-434D-A680-ED58F388F449}.Debug|Any CPU.ActiveCfg = Debug|Any CPU
		{6BB3CBB2-616B-434D-A680-ED58F388F449}.Debug|Any CPU.Build.0 = Debug|Any CPU
		{6BB3CBB2-616B-434D-A680-ED58F388F449}.Release|Any CPU.ActiveCfg = Release|Any CPU
		{6BB3CBB2-616B-434D-A680-ED58F388F449}.Release|Any CPU.Build.0 = Release|Any CPU
		{5D805B4F-9658-47EF-AF70-679834038302}.Debug|Any CPU.ActiveCfg = Debug|Any CPU
		{5D805B4F-9658-47EF-AF70-679834038302}.Debug|Any CPU.Build.0 = Debug|Any CPU
		{5D805B4F-9658-47EF-AF70-679834038302}.Release|Any CPU.ActiveCfg = Release|Any CPU
		{5D805B4F-9658-47EF-AF70-679834038302}.Release|Any CPU.Build.0 = Release|Any CPU
		{91DD0ADD-921F-43AA-A30A-250EBA5BD5A9}.Debug|Any CPU.ActiveCfg = Debug|Any CPU
		{91DD0ADD-921F-43AA-A30A-250EBA5BD5A9}.Debug|Any CPU.Build.0 = Debug|Any CPU
		{91DD0ADD-921F-43AA-A30A-250EBA5BD5A9}.Release|Any CPU.ActiveCfg = Release|Any CPU
		{91DD0ADD-921F-43AA-A30A-250EBA5BD5A9}.Release|Any CPU.Build.0 = Release|Any CPU
		{BE290954-A0B7-4D3D-8C80-0D11DD0D146B}.Debug|Any CPU.ActiveCfg = Debug|Any CPU
		{BE290954-A0B7-4D3D-8C80-0D11DD0D146B}.Debug|Any CPU.Build.0 = Debug|Any CPU
		{BE290954-A0B7-4D3D-8C80-0D11DD0D146B}.Release|Any CPU.ActiveCfg = Release|Any CPU
		{BE290954-A0B7-4D3D-8C80-0D11DD0D146B}.Release|Any CPU.Build.0 = Release|Any CPU
		{FC37E1ED-3014-4283-B6EF-AD7148E9273D}.Debug|Any CPU.ActiveCfg = Debug|Any CPU
		{FC37E1ED-3014-4283-B6EF-AD7148E9273D}.Debug|Any CPU.Build.0 = Debug|Any CPU
		{FC37E1ED-3014-4283-B6EF-AD7148E9273D}.Release|Any CPU.ActiveCfg = Release|Any CPU
		{FC37E1ED-3014-4283-B6EF-AD7148E9273D}.Release|Any CPU.Build.0 = Release|Any CPU
		{4DB53C12-A73D-4376-80ED-A604D9C581EA}.Debug|Any CPU.ActiveCfg = Debug|Any CPU
		{4DB53C12-A73D-4376-80ED-A604D9C581EA}.Debug|Any CPU.Build.0 = Debug|Any CPU
		{4DB53C12-A73D-4376-80ED-A604D9C581EA}.Release|Any CPU.ActiveCfg = Release|Any CPU
		{4DB53C12-A73D-4376-80ED-A604D9C581EA}.Release|Any CPU.Build.0 = Release|Any CPU
		{9C507743-72C6-4ACE-861A-A050E7B11324}.Debug|Any CPU.ActiveCfg = Debug|Any CPU
		{9C507743-72C6-4ACE-861A-A050E7B11324}.Debug|Any CPU.Build.0 = Debug|Any CPU
		{9C507743-72C6-4ACE-861A-A050E7B11324}.Release|Any CPU.ActiveCfg = Release|Any CPU
		{9C507743-72C6-4ACE-861A-A050E7B11324}.Release|Any CPU.Build.0 = Release|Any CPU
	EndGlobalSection
	GlobalSection(SolutionProperties) = preSolution
		HideSolutionNode = FALSE
	EndGlobalSection
	GlobalSection(NestedProjects) = preSolution
		{144E04A2-5D5D-44CD-8823-784CE80F3C4B} = {7A6D1D6F-FB3B-4A19-A1A3-14AEB11A6392}
		{C76024F9-F5C6-4EC2-B746-C22EE79AF7DC} = {7A6D1D6F-FB3B-4A19-A1A3-14AEB11A6392}
		{83E53339-9698-452F-99E2-6DCD7AC3A810} = {0A70D352-6015-4D88-8505-CA7EBEEB64F3}
		{6B27B2A4-45DA-4B30-9B24-B7C173AD8A14} = {0A70D352-6015-4D88-8505-CA7EBEEB64F3}
		{F1BFCDA6-81E0-4422-8357-852C0AA41FFB} = {0A70D352-6015-4D88-8505-CA7EBEEB64F3}
		{CBAEA729-BE5E-4639-A37F-C3717D15972D} = {0A70D352-6015-4D88-8505-CA7EBEEB64F3}
		{1A091B06-627C-4B2C-893F-4D0B3F41F937} = {0A70D352-6015-4D88-8505-CA7EBEEB64F3}
		{A689ACA8-1AED-4AAF-B106-6381D21A2488} = {0B52CFF2-4701-47B6-ACE9-B3C1B9FE4B9C}
		{85D11187-2D5F-4863-AD4B-28F0932E9EE2} = {0B52CFF2-4701-47B6-ACE9-B3C1B9FE4B9C}
		{B3E6B06A-3342-4E23-A0ED-DAF0E37B1355} = {0B52CFF2-4701-47B6-ACE9-B3C1B9FE4B9C}
		{9C96FE8F-2F80-4729-A2D5-5FB87F4C9D11} = {0A70D352-6015-4D88-8505-CA7EBEEB64F3}
		{6BB3CBB2-616B-434D-A680-ED58F388F449} = {FCA6C094-F244-418A-95CA-245614F9C028}
		{5D805B4F-9658-47EF-AF70-679834038302} = {FCA6C094-F244-418A-95CA-245614F9C028}
		{91DD0ADD-921F-43AA-A30A-250EBA5BD5A9} = {FCA6C094-F244-418A-95CA-245614F9C028}
		{BE290954-A0B7-4D3D-8C80-0D11DD0D146B} = {6D2B2FB9-1D66-459C-9DA3-2FAF682BEED5}
		{FC37E1ED-3014-4283-B6EF-AD7148E9273D} = {6D2B2FB9-1D66-459C-9DA3-2FAF682BEED5}
		{4DB53C12-A73D-4376-80ED-A604D9C581EA} = {E859CF92-E77A-4D9E-A655-690D8939DEFC}
		{9C507743-72C6-4ACE-861A-A050E7B11324} = {E859CF92-E77A-4D9E-A655-690D8939DEFC}
	EndGlobalSection
	GlobalSection(ExtensibilityGlobals) = postSolution
		SolutionGuid = {50905DEE-BE2B-4E63-9E29-BFADE2BD9468}
	EndGlobalSection
EndGlobal
