
Microsoft Visual Studio Solution File, Format Version 12.00
# Visual Studio Version 17
VisualStudioVersion = 17.6.33712.159
MinimumVisualStudioVersion = 10.0.40219.1
Project("{2150E333-8FDC-42A3-9474-1A3956D46DE8}") = "Tests", "Tests", "{7A6D1D6F-FB3B-4A19-A1A3-14AEB11A6392}"
EndProject
Project("{2150E333-8FDC-42A3-9474-1A3956D46DE8}") = "Core", "Core", "{0B52CFF2-4701-47B6-ACE9-B3C1B9FE4B9C}"
EndProject
Project("{2150E333-8FDC-42A3-9474-1A3956D46DE8}") = "Presentation", "Presentation", "{0A70D352-6015-4D88-8505-CA7EBEEB64F3}"
EndProject
Project("{2150E333-8FDC-42A3-9474-1A3956D46DE8}") = "Common", "Common", "{FCA6C094-F244-418A-95CA-245614F9C028}"
EndProject
Project("{2150E333-8FDC-42A3-9474-1A3956D46DE8}") = "Solution Items", "Solution Items", "{FF45C944-5DCF-49E3-95D4-5D429AC7C7F0}"
	ProjectSection(SolutionItems) = preProject
		LICENSE.txt = LICENSE.txt
		README.md = README.md
		tye.yaml = tye.yaml
	EndProjectSection
EndProject
Project("{E53339B2-1760-4266-BCC7-CA923CBCF16C}") = "docker-compose", "docker-compose.dcproj", "{8E80AA68-53A5-4CE0-A06E-C761741B82A6}"
EndProject
Project("{9A19103F-16F7-4668-BE54-9A1E7A4F7556}") = "FunctionalTests", "Tests\FunctionalTests\FunctionalTests.csproj", "{144E04A2-5D5D-44CD-8823-784CE80F3C4B}"
EndProject
Project("{9A19103F-16F7-4668-BE54-9A1E7A4F7556}") = "UnitTests", "Tests\UnitTests\UnitTests.csproj", "{C76024F9-F5C6-4EC2-B746-C22EE79AF7DC}"
EndProject
Project("{2150E333-8FDC-42A3-9474-1A3956D46DE8}") = "Services", "Services", "{E859CF92-E77A-4D9E-A655-690D8939DEFC}"
EndProject
Project("{9A19103F-16F7-4668-BE54-9A1E7A4F7556}") = "Crypto.BrokerApi", "Presentation\Crypto.BrokerApi\Crypto.BrokerApi.csproj", "{83E53339-9698-452F-99E2-6DCD7AC3A810}"
EndProject
Project("{9A19103F-16F7-4668-BE54-9A1E7A4F7556}") = "CryptoBroker.Application", "Core\CryptoBroker.Application\CryptoBroker.Application.csproj", "{A689ACA8-1AED-4AAF-B106-6381D21A2488}"
EndProject
Project("{9A19103F-16F7-4668-BE54-9A1E7A4F7556}") = "CryptoBroker.UnitOfWork", "Core\CryptoBroker.UnitOfWork\CryptoBroker.UnitOfWork.csproj", "{B3E6B06A-3342-4E23-A0ED-DAF0E37B1355}"
EndProject
Project("{9A19103F-16F7-4668-BE54-9A1E7A4F7556}") = "ApiGateway", "Presentation\ApiGateway\ApiGateway.csproj", "{9C96FE8F-2F80-4729-A2D5-5FB87F4C9D11}"
EndProject
Project("{2150E333-8FDC-42A3-9474-1A3956D46DE8}") = "Infrastructure", "Infrastructure", "{6D2B2FB9-1D66-459C-9DA3-2FAF682BEED5}"
EndProject
Project("{9A19103F-16F7-4668-BE54-9A1E7A4F7556}") = "CryptoBroker.Logging", "Common\CryptoBroker.Logging\CryptoBroker.Logging.csproj", "{6BB3CBB2-616B-434D-A680-ED58F388F449}"
EndProject
Project("{9A19103F-16F7-4668-BE54-9A1E7A4F7556}") = "CryptoBroker.Util", "Common\CryptoBroker.Util\CryptoBroker.Util.csproj", "{5D805B4F-9658-47EF-AF70-679834038302}"
EndProject
Project("{9A19103F-16F7-4668-BE54-9A1E7A4F7556}") = "CryptoBroker.ApiClient", "Common\CryptoBroker.ApiClient\CryptoBroker.ApiClient.csproj", "{91DD0ADD-921F-43AA-A30A-250EBA5BD5A9}"
EndProject
Project("{9A19103F-16F7-4668-BE54-9A1E7A4F7556}") = "CryptoBroker.Models", "Infrastructure\CryptoBroker.Models\CryptoBroker.Models.csproj", "{BE290954-A0B7-4D3D-8C80-0D11DD0D146B}"
EndProject
Project("{9A19103F-16F7-4668-BE54-9A1E7A4F7556}") = "CryptoBroker.Entities", "Infrastructure\CryptoBroker.Entities\CryptoBroker.Entities.csproj", "{FC37E1ED-3014-4283-B6EF-AD7148E9273D}"
EndProject
Project("{9A19103F-16F7-4668-BE54-9A1E7A4F7556}") = "CryptoBroker.BrokerService.Entities", "Services\BrokerService\CryptoBroker.BrokerService.Entities\CryptoBroker.BrokerService.Entities.csproj", "{3964BE90-95A9-45DA-AE23-CD1E02C181E7}"
EndProject
Project("{2150E333-8FDC-42A3-9474-1A3956D46DE8}") = "BrokerService", "BrokerService", "{67D1D31C-BBA2-4F22-AE24-500932ECD014}"
EndProject
Project("{9A19103F-16F7-4668-BE54-9A1E7A4F7556}") = "CryptoBroker.BrokerService", "Services\BrokerService\CryptoBroker.BrokerService\CryptoBroker.BrokerService.csproj", "{FD1DD9AD-567E-4634-926A-0E5CF1D7DD7B}"
EndProject
Project("{9A19103F-16F7-4668-BE54-9A1E7A4F7556}") = "CryptoBroker.BrokerService.Models", "Services\BrokerService\CryptoBroker.BrokerService.Models\CryptoBroker.BrokerService.Models.csproj", "{C6A3662C-4EED-4E67-877B-148BEFFAE501}"
EndProject
Project("{2150E333-8FDC-42A3-9474-1A3956D46DE8}") = "OrderService", "OrderService", "{74C5327E-79B0-43C2-A2B3-325A81E9C812}"
EndProject
Project("{FAE04EC0-301F-11D3-BF4B-00C04F79EFBC}") = "Crypto.NotificationApi", "Presentation\Crypto.NotificationApi\Crypto.NotificationApi.csproj", "{8962F5F3-7D3C-4B18-AF3C-6A80A5A65ACA}"
EndProject
Project("{FAE04EC0-301F-11D3-BF4B-00C04F79EFBC}") = "Crypto.OrdersApi", "Presentation\Crypto.OrdersApi\Crypto.OrdersApi.csproj", "{554C9EA3-81B3-4B45-89F3-9C5999C2C5FF}"
EndProject
Project("{2150E333-8FDC-42A3-9474-1A3956D46DE8}") = "NotificationService", "NotificationService", "{8944A112-819B-4823-871E-D95B65E3E0A9}"
EndProject
Project("{9A19103F-16F7-4668-BE54-9A1E7A4F7556}") = "CryptoBroker.Identity", "Core\CryptoBroker.Identity\CryptoBroker.Identity.csproj", "{0757DB63-638C-4B19-9441-37E0424DFFEF}"
EndProject
Project("{FAE04EC0-301F-11D3-BF4B-00C04F79EFBC}") = "CryptoBroker.NotificationService", "Services\NotificationService\CryptoBroker.NotificationService\CryptoBroker.NotificationService.csproj", "{0B64E87B-F71C-4559-88BA-1264DDB785B0}"
EndProject
Project("{9A19103F-16F7-4668-BE54-9A1E7A4F7556}") = "CryptoBroker.OrderService", "Services\OrderService\CryptoBroker.OrderService\CryptoBroker.OrderService.csproj", "{3B33ED8C-12AE-4CA9-B2A8-30435F7312E5}"
EndProject
Project("{9A19103F-16F7-4668-BE54-9A1E7A4F7556}") = "CryptoBroker.EventBus", "Infrastructure\CryptoBroker.EventBus\CryptoBroker.EventBus.csproj", "{160A6C48-4922-4BE8-AD0D-0A5632352785}"
EndProject
Global
	GlobalSection(SolutionConfigurationPlatforms) = preSolution
		Debug|Any CPU = Debug|Any CPU
		Release|Any CPU = Release|Any CPU
	EndGlobalSection
	GlobalSection(ProjectConfigurationPlatforms) = postSolution
		{8E80AA68-53A5-4CE0-A06E-C761741B82A6}.Debug|Any CPU.ActiveCfg = Debug|Any CPU
		{8E80AA68-53A5-4CE0-A06E-C761741B82A6}.Debug|Any CPU.Build.0 = Debug|Any CPU
		{8E80AA68-53A5-4CE0-A06E-C761741B82A6}.Release|Any CPU.ActiveCfg = Release|Any CPU
		{8E80AA68-53A5-4CE0-A06E-C761741B82A6}.Release|Any CPU.Build.0 = Release|Any CPU
		{144E04A2-5D5D-44CD-8823-784CE80F3C4B}.Debug|Any CPU.ActiveCfg = Debug|Any CPU
		{144E04A2-5D5D-44CD-8823-784CE80F3C4B}.Debug|Any CPU.Build.0 = Debug|Any CPU
		{144E04A2-5D5D-44CD-8823-784CE80F3C4B}.Release|Any CPU.ActiveCfg = Release|Any CPU
		{144E04A2-5D5D-44CD-8823-784CE80F3C4B}.Release|Any CPU.Build.0 = Release|Any CPU
		{C76024F9-F5C6-4EC2-B746-C22EE79AF7DC}.Debug|Any CPU.ActiveCfg = Debug|Any CPU
		{C76024F9-F5C6-4EC2-B746-C22EE79AF7DC}.Debug|Any CPU.Build.0 = Debug|Any CPU
		{C76024F9-F5C6-4EC2-B746-C22EE79AF7DC}.Release|Any CPU.ActiveCfg = Release|Any CPU
		{C76024F9-F5C6-4EC2-B746-C22EE79AF7DC}.Release|Any CPU.Build.0 = Release|Any CPU
		{83E53339-9698-452F-99E2-6DCD7AC3A810}.Debug|Any CPU.ActiveCfg = Debug|Any CPU
		{83E53339-9698-452F-99E2-6DCD7AC3A810}.Debug|Any CPU.Build.0 = Debug|Any CPU
		{83E53339-9698-452F-99E2-6DCD7AC3A810}.Release|Any CPU.ActiveCfg = Release|Any CPU
		{83E53339-9698-452F-99E2-6DCD7AC3A810}.Release|Any CPU.Build.0 = Release|Any CPU
		{A689ACA8-1AED-4AAF-B106-6381D21A2488}.Debug|Any CPU.ActiveCfg = Debug|Any CPU
		{A689ACA8-1AED-4AAF-B106-6381D21A2488}.Debug|Any CPU.Build.0 = Debug|Any CPU
		{A689ACA8-1AED-4AAF-B106-6381D21A2488}.Release|Any CPU.ActiveCfg = Release|Any CPU
		{A689ACA8-1AED-4AAF-B106-6381D21A2488}.Release|Any CPU.Build.0 = Release|Any CPU
		{B3E6B06A-3342-4E23-A0ED-DAF0E37B1355}.Debug|Any CPU.ActiveCfg = Debug|Any CPU
		{B3E6B06A-3342-4E23-A0ED-DAF0E37B1355}.Debug|Any CPU.Build.0 = Debug|Any CPU
		{B3E6B06A-3342-4E23-A0ED-DAF0E37B1355}.Release|Any CPU.ActiveCfg = Release|Any CPU
		{B3E6B06A-3342-4E23-A0ED-DAF0E37B1355}.Release|Any CPU.Build.0 = Release|Any CPU
		{9C96FE8F-2F80-4729-A2D5-5FB87F4C9D11}.Debug|Any CPU.ActiveCfg = Debug|Any CPU
		{9C96FE8F-2F80-4729-A2D5-5FB87F4C9D11}.Debug|Any CPU.Build.0 = Debug|Any CPU
		{9C96FE8F-2F80-4729-A2D5-5FB87F4C9D11}.Release|Any CPU.ActiveCfg = Release|Any CPU
		{9C96FE8F-2F80-4729-A2D5-5FB87F4C9D11}.Release|Any CPU.Build.0 = Release|Any CPU
		{6BB3CBB2-616B-434D-A680-ED58F388F449}.Debug|Any CPU.ActiveCfg = Debug|Any CPU
		{6BB3CBB2-616B-434D-A680-ED58F388F449}.Debug|Any CPU.Build.0 = Debug|Any CPU
		{6BB3CBB2-616B-434D-A680-ED58F388F449}.Release|Any CPU.ActiveCfg = Release|Any CPU
		{6BB3CBB2-616B-434D-A680-ED58F388F449}.Release|Any CPU.Build.0 = Release|Any CPU
		{5D805B4F-9658-47EF-AF70-679834038302}.Debug|Any CPU.ActiveCfg = Debug|Any CPU
		{5D805B4F-9658-47EF-AF70-679834038302}.Debug|Any CPU.Build.0 = Debug|Any CPU
		{5D805B4F-9658-47EF-AF70-679834038302}.Release|Any CPU.ActiveCfg = Release|Any CPU
		{5D805B4F-9658-47EF-AF70-679834038302}.Release|Any CPU.Build.0 = Release|Any CPU
		{91DD0ADD-921F-43AA-A30A-250EBA5BD5A9}.Debug|Any CPU.ActiveCfg = Debug|Any CPU
		{91DD0ADD-921F-43AA-A30A-250EBA5BD5A9}.Debug|Any CPU.Build.0 = Debug|Any CPU
		{91DD0ADD-921F-43AA-A30A-250EBA5BD5A9}.Release|Any CPU.ActiveCfg = Release|Any CPU
		{91DD0ADD-921F-43AA-A30A-250EBA5BD5A9}.Release|Any CPU.Build.0 = Release|Any CPU
		{BE290954-A0B7-4D3D-8C80-0D11DD0D146B}.Debug|Any CPU.ActiveCfg = Debug|Any CPU
		{BE290954-A0B7-4D3D-8C80-0D11DD0D146B}.Debug|Any CPU.Build.0 = Debug|Any CPU
		{BE290954-A0B7-4D3D-8C80-0D11DD0D146B}.Release|Any CPU.ActiveCfg = Release|Any CPU
		{BE290954-A0B7-4D3D-8C80-0D11DD0D146B}.Release|Any CPU.Build.0 = Release|Any CPU
		{FC37E1ED-3014-4283-B6EF-AD7148E9273D}.Debug|Any CPU.ActiveCfg = Debug|Any CPU
		{FC37E1ED-3014-4283-B6EF-AD7148E9273D}.Debug|Any CPU.Build.0 = Debug|Any CPU
		{FC37E1ED-3014-4283-B6EF-AD7148E9273D}.Release|Any CPU.ActiveCfg = Release|Any CPU
		{FC37E1ED-3014-4283-B6EF-AD7148E9273D}.Release|Any CPU.Build.0 = Release|Any CPU
		{3964BE90-95A9-45DA-AE23-CD1E02C181E7}.Debug|Any CPU.ActiveCfg = Debug|Any CPU
		{3964BE90-95A9-45DA-AE23-CD1E02C181E7}.Debug|Any CPU.Build.0 = Debug|Any CPU
		{3964BE90-95A9-45DA-AE23-CD1E02C181E7}.Release|Any CPU.ActiveCfg = Release|Any CPU
		{3964BE90-95A9-45DA-AE23-CD1E02C181E7}.Release|Any CPU.Build.0 = Release|Any CPU
		{FD1DD9AD-567E-4634-926A-0E5CF1D7DD7B}.Debug|Any CPU.ActiveCfg = Debug|Any CPU
		{FD1DD9AD-567E-4634-926A-0E5CF1D7DD7B}.Debug|Any CPU.Build.0 = Debug|Any CPU
		{FD1DD9AD-567E-4634-926A-0E5CF1D7DD7B}.Release|Any CPU.ActiveCfg = Release|Any CPU
		{FD1DD9AD-567E-4634-926A-0E5CF1D7DD7B}.Release|Any CPU.Build.0 = Release|Any CPU
		{C6A3662C-4EED-4E67-877B-148BEFFAE501}.Debug|Any CPU.ActiveCfg = Debug|Any CPU
		{C6A3662C-4EED-4E67-877B-148BEFFAE501}.Debug|Any CPU.Build.0 = Debug|Any CPU
		{C6A3662C-4EED-4E67-877B-148BEFFAE501}.Release|Any CPU.ActiveCfg = Release|Any CPU
		{C6A3662C-4EED-4E67-877B-148BEFFAE501}.Release|Any CPU.Build.0 = Release|Any CPU
		{8962F5F3-7D3C-4B18-AF3C-6A80A5A65ACA}.Debug|Any CPU.ActiveCfg = Debug|Any CPU
		{8962F5F3-7D3C-4B18-AF3C-6A80A5A65ACA}.Debug|Any CPU.Build.0 = Debug|Any CPU
		{8962F5F3-7D3C-4B18-AF3C-6A80A5A65ACA}.Release|Any CPU.ActiveCfg = Release|Any CPU
		{8962F5F3-7D3C-4B18-AF3C-6A80A5A65ACA}.Release|Any CPU.Build.0 = Release|Any CPU
		{554C9EA3-81B3-4B45-89F3-9C5999C2C5FF}.Debug|Any CPU.ActiveCfg = Debug|Any CPU
		{554C9EA3-81B3-4B45-89F3-9C5999C2C5FF}.Debug|Any CPU.Build.0 = Debug|Any CPU
		{554C9EA3-81B3-4B45-89F3-9C5999C2C5FF}.Release|Any CPU.ActiveCfg = Release|Any CPU
		{554C9EA3-81B3-4B45-89F3-9C5999C2C5FF}.Release|Any CPU.Build.0 = Release|Any CPU
		{0757DB63-638C-4B19-9441-37E0424DFFEF}.Debug|Any CPU.ActiveCfg = Debug|Any CPU
		{0757DB63-638C-4B19-9441-37E0424DFFEF}.Debug|Any CPU.Build.0 = Debug|Any CPU
		{0757DB63-638C-4B19-9441-37E0424DFFEF}.Release|Any CPU.ActiveCfg = Release|Any CPU
		{0757DB63-638C-4B19-9441-37E0424DFFEF}.Release|Any CPU.Build.0 = Release|Any CPU
		{0B64E87B-F71C-4559-88BA-1264DDB785B0}.Debug|Any CPU.ActiveCfg = Debug|Any CPU
		{0B64E87B-F71C-4559-88BA-1264DDB785B0}.Debug|Any CPU.Build.0 = Debug|Any CPU
		{0B64E87B-F71C-4559-88BA-1264DDB785B0}.Release|Any CPU.ActiveCfg = Release|Any CPU
		{0B64E87B-F71C-4559-88BA-1264DDB785B0}.Release|Any CPU.Build.0 = Release|Any CPU
		{3B33ED8C-12AE-4CA9-B2A8-30435F7312E5}.Debug|Any CPU.ActiveCfg = Debug|Any CPU
		{3B33ED8C-12AE-4CA9-B2A8-30435F7312E5}.Debug|Any CPU.Build.0 = Debug|Any CPU
		{3B33ED8C-12AE-4CA9-B2A8-30435F7312E5}.Release|Any CPU.ActiveCfg = Release|Any CPU
		{3B33ED8C-12AE-4CA9-B2A8-30435F7312E5}.Release|Any CPU.Build.0 = Release|Any CPU
		{160A6C48-4922-4BE8-AD0D-0A5632352785}.Debug|Any CPU.ActiveCfg = Debug|Any CPU
		{160A6C48-4922-4BE8-AD0D-0A5632352785}.Debug|Any CPU.Build.0 = Debug|Any CPU
		{160A6C48-4922-4BE8-AD0D-0A5632352785}.Release|Any CPU.ActiveCfg = Release|Any CPU
		{160A6C48-4922-4BE8-AD0D-0A5632352785}.Release|Any CPU.Build.0 = Release|Any CPU
	EndGlobalSection
	GlobalSection(SolutionProperties) = preSolution
		HideSolutionNode = FALSE
	EndGlobalSection
	GlobalSection(NestedProjects) = preSolution
		{144E04A2-5D5D-44CD-8823-784CE80F3C4B} = {7A6D1D6F-FB3B-4A19-A1A3-14AEB11A6392}
		{C76024F9-F5C6-4EC2-B746-C22EE79AF7DC} = {7A6D1D6F-FB3B-4A19-A1A3-14AEB11A6392}
		{83E53339-9698-452F-99E2-6DCD7AC3A810} = {0A70D352-6015-4D88-8505-CA7EBEEB64F3}
		{A689ACA8-1AED-4AAF-B106-6381D21A2488} = {0B52CFF2-4701-47B6-ACE9-B3C1B9FE4B9C}
		{B3E6B06A-3342-4E23-A0ED-DAF0E37B1355} = {0B52CFF2-4701-47B6-ACE9-B3C1B9FE4B9C}
		{9C96FE8F-2F80-4729-A2D5-5FB87F4C9D11} = {0A70D352-6015-4D88-8505-CA7EBEEB64F3}
		{6BB3CBB2-616B-434D-A680-ED58F388F449} = {FCA6C094-F244-418A-95CA-245614F9C028}
		{5D805B4F-9658-47EF-AF70-679834038302} = {FCA6C094-F244-418A-95CA-245614F9C028}
		{91DD0ADD-921F-43AA-A30A-250EBA5BD5A9} = {FCA6C094-F244-418A-95CA-245614F9C028}
		{BE290954-A0B7-4D3D-8C80-0D11DD0D146B} = {6D2B2FB9-1D66-459C-9DA3-2FAF682BEED5}
		{FC37E1ED-3014-4283-B6EF-AD7148E9273D} = {6D2B2FB9-1D66-459C-9DA3-2FAF682BEED5}
		{3964BE90-95A9-45DA-AE23-CD1E02C181E7} = {67D1D31C-BBA2-4F22-AE24-500932ECD014}
		{67D1D31C-BBA2-4F22-AE24-500932ECD014} = {E859CF92-E77A-4D9E-A655-690D8939DEFC}
		{FD1DD9AD-567E-4634-926A-0E5CF1D7DD7B} = {67D1D31C-BBA2-4F22-AE24-500932ECD014}
		{C6A3662C-4EED-4E67-877B-148BEFFAE501} = {67D1D31C-BBA2-4F22-AE24-500932ECD014}
		{74C5327E-79B0-43C2-A2B3-325A81E9C812} = {E859CF92-E77A-4D9E-A655-690D8939DEFC}
		{8962F5F3-7D3C-4B18-AF3C-6A80A5A65ACA} = {0A70D352-6015-4D88-8505-CA7EBEEB64F3}
		{554C9EA3-81B3-4B45-89F3-9C5999C2C5FF} = {0A70D352-6015-4D88-8505-CA7EBEEB64F3}
		{8944A112-819B-4823-871E-D95B65E3E0A9} = {E859CF92-E77A-4D9E-A655-690D8939DEFC}
		{0757DB63-638C-4B19-9441-37E0424DFFEF} = {0B52CFF2-4701-47B6-ACE9-B3C1B9FE4B9C}
		{0B64E87B-F71C-4559-88BA-1264DDB785B0} = {8944A112-819B-4823-871E-D95B65E3E0A9}
		{3B33ED8C-12AE-4CA9-B2A8-30435F7312E5} = {74C5327E-79B0-43C2-A2B3-325A81E9C812}
		{160A6C48-4922-4BE8-AD0D-0A5632352785} = {6D2B2FB9-1D66-459C-9DA3-2FAF682BEED5}
	EndGlobalSection
	GlobalSection(ExtensibilityGlobals) = postSolution
		SolutionGuid = {50905DEE-BE2B-4E63-9E29-BFADE2BD9468}
	EndGlobalSection
EndGlobal
